
Microsoft Visual Studio Solution File, Format Version 12.00
# Visual Studio Version 16
VisualStudioVersion = 16.0.29926.136
MinimumVisualStudioVersion = 10.0.40219.1
Project("{FAE04EC0-301F-11D3-BF4B-00C04F79EFBC}") = "SSLTest", "SSLTest\SSLTest.csproj", "{04D694BA-012F-4E28-A0B8-23B5BE15DF51}"
EndProject
Global
	GlobalSection(SolutionConfigurationPlatforms) = preSolution
		Debug|Any CPU = Debug|Any CPU
		Release|Any CPU = Release|Any CPU
	EndGlobalSection
	GlobalSection(ProjectConfigurationPlatforms) = postSolution
		{04D694BA-012F-4E28-A0B8-23B5BE15DF51}.Debug|Any CPU.ActiveCfg = Debug|Any CPU
		{04D694BA-012F-4E28-A0B8-23B5BE15DF51}.Debug|Any CPU.Build.0 = Debug|Any CPU
		{04D694BA-012F-4E28-A0B8-23B5BE15DF51}.Release|Any CPU.ActiveCfg = Release|Any CPU
		{04D694BA-012F-4E28-A0B8-23B5BE15DF51}.Release|Any CPU.Build.0 = Release|Any CPU
	EndGlobalSection
	GlobalSection(SolutionProperties) = preSolution
		HideSolutionNode = FALSE
	EndGlobalSection
	GlobalSection(ExtensibilityGlobals) = postSolution
		SolutionGuid = {2E8011B5-4881-4591-BC79-9FEF49B83286}
	EndGlobalSection
EndGlobal
